{
  "name": "wechatrobot",
  "version": "0.2.6",
  "lockfileVersion": 1,
  "requires": true,
  "dependencies": {
    "async": {
      "version": "2.6.2",
      "resolved": "http://registry.npm.taobao.org/async/download/async-2.6.2.tgz",
      "integrity": "sha1-GDMOp+bjE4h/XS8qkEusb+TdU4E=",
      "requires": {
        "lodash": "^4.17.11"
      }
    },
    "async-limiter": {
      "version": "1.0.0",
      "resolved": "http://registry.npm.taobao.org/async-limiter/download/async-limiter-1.0.0.tgz",
      "integrity": "sha1-ePrtjD0HSrgfIrTphdeehzj3IPg="
    },
    "aws-sdk": {
      "version": "2.412.0",
      "resolved": "http://registry.npm.taobao.org/aws-sdk/download/aws-sdk-2.412.0.tgz",
      "integrity": "sha1-1rRzERHuHghV7yLfzcm2y05bcjM=",
      "requires": {
        "buffer": "4.9.1",
        "events": "1.1.1",
        "ieee754": "1.1.8",
        "jmespath": "0.15.0",
        "querystring": "0.2.0",
        "sax": "1.2.1",
        "url": "0.10.3",
        "uuid": "3.3.2",
        "xml2js": "0.4.19"
      }
    },
    "axios": {
      "version": "0.18.0",
      "resolved": "http://registry.npm.taobao.org/axios/download/axios-0.18.0.tgz",
      "integrity": "sha1-MtU+SFHv3AoRmTts0AB4nXDAUQI=",
      "requires": {
        "follow-redirects": "^1.3.0",
        "is-buffer": "^1.1.5"
      }
    },
    "base64-js": {
      "version": "1.3.0",
      "resolved": "http://registry.npm.taobao.org/base64-js/download/base64-js-1.3.0.tgz",
      "integrity": "sha1-yrHmEY8FEJXli1KBrqjBzSK/wOM="
    },
    "bluebird": {
      "version": "3.5.3",
      "resolved": "https://registry.npmjs.org/bluebird/-/bluebird-3.5.3.tgz",
      "integrity": "sha512-/qKPUQlaW1OyR51WeCPBvRnAlnZFUJkCSG5HzGnuIqhgyJtF+T94lFnn33eiazjRm2LAHVy2guNnaq48X9SJuw=="
    },
    "brolog": {
      "version": "1.8.3",
      "resolved": "http://registry.npm.taobao.org/brolog/download/brolog-1.8.3.tgz",
      "integrity": "sha1-gSNCC0aRIzPtTcPSX+mK8w9bD60="
    },
    "bson": {
      "version": "1.1.0",
      "resolved": "http://registry.npm.taobao.org/bson/download/bson-1.1.0.tgz",
      "integrity": "sha1-vuV9H7aodxNHGvTjK8rjbegUtbA="
    },
    "buffer": {
      "version": "4.9.1",
      "resolved": "http://registry.npm.taobao.org/buffer/download/buffer-4.9.1.tgz",
      "integrity": "sha1-bRu2AbB6TvztlwlBMgkwJ8lbwpg=",
      "requires": {
        "base64-js": "^1.0.2",
        "ieee754": "^1.1.4",
        "isarray": "^1.0.0"
      },
      "dependencies": {
        "isarray": {
          "version": "1.0.0",
          "resolved": "http://registry.npm.taobao.org/isarray/download/isarray-1.0.0.tgz",
          "integrity": "sha1-u5NdSFgsuhaMBoNJV6VKPgcSTxE="
        }
      }
    },
    "callsites": {
      "version": "3.0.0",
      "resolved": "http://registry.npm.taobao.org/callsites/download/callsites-3.0.0.tgz",
      "integrity": "sha1-+361abcq16RYEvk/2UMKPkELPdM="
    },
    "charenc": {
      "version": "0.0.2",
      "resolved": "http://registry.npm.taobao.org/charenc/download/charenc-0.0.2.tgz",
      "integrity": "sha1-wKHS86cJLgN3S/qD8UwPxXkKhmc="
    },
    "clone-class": {
      "version": "0.6.20",
      "resolved": "http://registry.npm.taobao.org/clone-class/download/clone-class-0.6.20.tgz",
      "integrity": "sha1-sZmlHx50ZtP1RP4d50trjZfKAH4="
    },
    "commander": {
      "version": "1.1.1",
      "resolved": "http://registry.npm.taobao.org/commander/download/commander-1.1.1.tgz",
      "integrity": "sha1-UNFlGGiuYOzP8KLZ80WVN2vGsEE=",
      "requires": {
        "keypress": "0.1.x"
      }
    },
    "cookie": {
      "version": "0.3.1",
      "resolved": "http://registry.npm.taobao.org/cookie/download/cookie-0.3.1.tgz",
      "integrity": "sha1-5+Ch+e9DtMi6klxcWpboBtFoc7s="
    },
    "cron-parser": {
      "version": "2.7.3",
      "resolved": "http://registry.npm.taobao.org/cron-parser/download/cron-parser-2.7.3.tgz",
      "integrity": "sha1-EmA/ifU3WvNTqTV74lQ9MXLqxlE=",
      "requires": {
        "is-nan": "^1.2.1",
        "moment-timezone": "^0.5.23"
      }
    },
    "crypt": {
      "version": "0.0.2",
      "resolved": "http://registry.npm.taobao.org/crypt/download/crypt-0.0.2.tgz",
      "integrity": "sha1-iNf/fsDfuG9xPch7u0LQRNPmxBs="
    },
    "cuid": {
      "version": "2.1.6",
      "resolved": "http://registry.npm.taobao.org/cuid/download/cuid-2.1.6.tgz",
      "integrity": "sha1-3DogtadJfTbTLAv4opl1JMnHlsQ="
    },
    "date-format": {
      "version": "2.0.0",
      "resolved": "http://registry.npm.taobao.org/date-format/download/date-format-2.0.0.tgz",
      "integrity": "sha1-fPexcvHsVk8AA7OeowLFSY+5jI8="
    },
    "dayjs": {
      "version": "1.8.8",
      "resolved": "http://registry.npm.taobao.org/dayjs/download/dayjs-1.8.8.tgz",
      "integrity": "sha1-gcgai7JIjvhZ9sm+rZti1kkHK/0="
    },
    "debug": {
      "version": "3.2.6",
      "resolved": "https://registry.npmjs.org/debug/-/debug-3.2.6.tgz",
      "integrity": "sha512-mel+jf7nrtEl5Pn1Qx46zARXKDpBbvzezse7p7LqINmdoIk8PYP5SySaxEmYv6TZ0JyEKA1hsCId6DIhgITtWQ==",
      "requires": {
        "ms": "^2.1.1"
      }
    },
    "define-properties": {
      "version": "1.1.3",
      "resolved": "http://registry.npm.taobao.org/define-properties/download/define-properties-1.1.3.tgz",
      "integrity": "sha1-z4jabL7ib+bbcJT2HYcMvYTO6fE=",
      "requires": {
        "object-keys": "^1.0.12"
      }
    },
    "err-code": {
      "version": "1.1.2",
      "resolved": "http://registry.npm.taobao.org/err-code/download/err-code-1.1.2.tgz",
      "integrity": "sha1-BuARbTAo9q70gGhJ6w6mp0iuaWA="
    },
    "error-ex": {
      "version": "1.3.2",
      "resolved": "http://registry.npm.taobao.org/error-ex/download/error-ex-1.3.2.tgz",
      "integrity": "sha1-tKxAZIEH/c3PriQvQovqihTU8b8=",
      "requires": {
        "is-arrayish": "^0.2.1"
      }
    },
    "events": {
      "version": "1.1.1",
      "resolved": "http://registry.npm.taobao.org/events/download/events-1.1.1.tgz",
      "integrity": "sha1-nr23Y1rQmccNzEwqH1AEKI6L2SQ="
    },
    "file-box": {
      "version": "0.8.27",
      "resolved": "http://registry.npm.taobao.org/file-box/download/file-box-0.8.27.tgz",
      "integrity": "sha1-8gntB3CYGaHMzeLHx+c5G84RehQ=",
      "requires": {
        "mime": "^2.3.1"
      }
    },
    "find-up": {
      "version": "3.0.0",
      "resolved": "http://registry.npm.taobao.org/find-up/download/find-up-3.0.0.tgz",
      "integrity": "sha1-SRafHXmTQwZG2mHsxa41XCHJe3M=",
      "requires": {
        "locate-path": "^3.0.0"
      }
    },
    "flatted": {
      "version": "2.0.0",
      "resolved": "http://registry.npm.taobao.org/flatted/download/flatted-2.0.0.tgz",
      "integrity": "sha1-VRIrZTbqSWtLRIk+4mCBQdENmRY="
    },
    "follow-redirects": {
      "version": "1.7.0",
      "resolved": "http://registry.npm.taobao.org/follow-redirects/download/follow-redirects-1.7.0.tgz",
      "integrity": "sha1-SJ68GY3A5/ZBZ70jsDxMGbV4THY=",
      "requires": {
        "debug": "^3.2.6"
      }
    },
    "fs-extra": {
      "version": "7.0.1",
      "resolved": "http://registry.npm.taobao.org/fs-extra/download/fs-extra-7.0.1.tgz",
      "integrity": "sha1-TxicRKoSO4lfcigE9V6iPq3DSOk=",
      "requires": {
        "graceful-fs": "^4.1.2",
        "jsonfile": "^4.0.0",
        "universalify": "^0.1.0"
      }
    },
    "graceful-fs": {
      "version": "4.1.15",
      "resolved": "http://registry.npm.taobao.org/graceful-fs/download/graceful-fs-4.1.15.tgz",
      "integrity": "sha1-/7cD4QZuig7qpMi4C6klPu77+wA="
    },
    "hosted-git-info": {
      "version": "2.7.1",
      "resolved": "http://registry.npm.taobao.org/hosted-git-info/download/hosted-git-info-2.7.1.tgz",
      "integrity": "sha1-l/I2l3vW4SVAiTD/bePuxigewEc="
    },
    "hot-import": {
      "version": "0.2.5",
      "resolved": "http://registry.npm.taobao.org/hot-import/download/hot-import-0.2.5.tgz",
      "integrity": "sha1-Paqc3JE8g6QPBKTpdEzsYsrBOXg=",
      "requires": {
        "brolog": "^1.2.6",
        "callsites": "^3.0.0",
        "read-pkg-up": "^4.0.0"
      }
    },
    "iconv-lite": {
      "version": "0.4.24",
      "resolved": "http://registry.npm.taobao.org/iconv-lite/download/iconv-lite-0.4.24.tgz",
      "integrity": "sha1-ICK0sl+93CHS9SSXSkdKr+czkIs=",
      "requires": {
        "safer-buffer": ">= 2.1.2 < 3"
      }
    },
    "ieee754": {
      "version": "1.1.8",
      "resolved": "http://registry.npm.taobao.org/ieee754/download/ieee754-1.1.8.tgz",
      "integrity": "sha1-vjPUCsEO8ZJnAfbwii2G+/0a0+Q="
    },
    "is-arrayish": {
      "version": "0.2.1",
      "resolved": "http://registry.npm.taobao.org/is-arrayish/download/is-arrayish-0.2.1.tgz",
      "integrity": "sha1-d8mYQFJ6qOyxqLppe4BkWnqSap0="
    },
    "is-buffer": {
      "version": "1.1.6",
      "resolved": "https://registry.npmjs.org/is-buffer/-/is-buffer-1.1.6.tgz",
      "integrity": "sha512-NcdALwpXkTm5Zvvbk7owOUSvVvBKDgKP5/ewfXEznmQFfs4ZRmanOeKBTjRVjka3QFoN6XJ+9F3USqfHqTaU5w=="
    },
    "is-nan": {
      "version": "1.2.1",
      "resolved": "https://registry.npmjs.org/is-nan/-/is-nan-1.2.1.tgz",
      "integrity": "sha1-n69ltvttskt/XAYoR16nH5iEAeI=",
      "requires": {
        "define-properties": "^1.1.1"
      }
    },
    "jmespath": {
      "version": "0.15.0",
      "resolved": "http://registry.npm.taobao.org/jmespath/download/jmespath-0.15.0.tgz",
      "integrity": "sha1-o/Iiqarp+Wb10nx5ZRDigJF2Qhc="
    },
    "json-parse-better-errors": {
      "version": "1.0.2",
      "resolved": "http://registry.npm.taobao.org/json-parse-better-errors/download/json-parse-better-errors-1.0.2.tgz",
      "integrity": "sha1-u4Z8+zRQ5pEHwTHRxRS6s9yLyqk="
    },
    "jsonfile": {
      "version": "4.0.0",
      "resolved": "http://registry.npm.taobao.org/jsonfile/download/jsonfile-4.0.0.tgz",
      "integrity": "sha1-h3Gq4HmbZAdrdmQPygWPnBDjPss=",
      "requires": {
        "graceful-fs": "^4.1.6"
      }
    },
    "kareem": {
      "version": "2.3.0",
      "resolved": "http://registry.npm.taobao.org/kareem/download/kareem-2.3.0.tgz",
      "integrity": "sha1-7zPELpAk3OUR7q9EDNaE868fx2k="
    },
    "keypress": {
      "version": "0.1.0",
      "resolved": "https://registry.npmjs.org/keypress/-/keypress-0.1.0.tgz",
      "integrity": "sha1-SjGI1CkbZrT2XtuZ+AaqmuKTWSo="
    },
    "load-json-file": {
      "version": "4.0.0",
      "resolved": "http://registry.npm.taobao.org/load-json-file/download/load-json-file-4.0.0.tgz",
      "integrity": "sha1-L19Fq5HjMhYjT9U62rZo607AmTs=",
      "requires": {
        "graceful-fs": "^4.1.2",
        "parse-json": "^4.0.0",
        "pify": "^3.0.0",
        "strip-bom": "^3.0.0"
      }
    },
    "locate-path": {
      "version": "3.0.0",
      "resolved": "http://registry.npm.taobao.org/locate-path/download/locate-path-3.0.0.tgz",
      "integrity": "sha1-2+w7OrdZdYBxtY/ln8QYca8hQA4=",
      "requires": {
        "p-locate": "^3.0.0",
        "path-exists": "^3.0.0"
      }
    },
    "lodash": {
      "version": "4.17.11",
      "resolved": "https://registry.npmjs.org/lodash/-/lodash-4.17.11.tgz",
      "integrity": "sha512-cQKh8igo5QUhZ7lg38DYWAxMvjSAKG0A8wGSVimP07SIUEK2UO+arSRKbRZWtelMtN5V0Hkwh5ryOto/SshYIg=="
    },
    "log4js": {
      "version": "4.0.2",
      "resolved": "http://registry.npm.taobao.org/log4js/download/log4js-4.0.2.tgz",
      "integrity": "sha1-DHPmI8pESGaWU+sOn2Kb6sx/u+M=",
      "requires": {
        "date-format": "^2.0.0",
        "debug": "^3.1.0",
        "flatted": "^2.0.0",
        "rfdc": "^1.1.2",
        "streamroller": "^1.0.1"
      }
    },
    "long-timeout": {
      "version": "0.1.1",
      "resolved": "https://registry.npmjs.org/long-timeout/-/long-timeout-0.1.1.tgz",
      "integrity": "sha1-lyHXiLR+C8taJMLivuGg2lXatRQ="
    },
    "lru-cache": {
      "version": "4.1.5",
      "resolved": "https://registry.npmjs.org/lru-cache/-/lru-cache-4.1.5.tgz",
      "integrity": "sha512-sWZlbEP2OsHNkXrMl5GYk/jKk70MBng6UU4YI/qGDYbgf6YbP4EvmqISbXCoJiRKs+1bSpFHVgQxvJ17F2li5g==",
      "requires": {
        "pseudomap": "^1.0.2",
        "yallist": "^2.1.2"
      }
    },
    "md5": {
      "version": "2.2.1",
      "resolved": "http://registry.npm.taobao.org/md5/download/md5-2.2.1.tgz",
      "integrity": "sha1-U6s41f48iJG6RlMp6iP6wFQBJvk=",
      "requires": {
        "charenc": "~0.0.1",
        "crypt": "~0.0.1",
        "is-buffer": "~1.1.1"
      }
    },
    "memory-card": {
      "version": "0.6.13",
      "resolved": "http://registry.npm.taobao.org/memory-card/download/memory-card-0.6.13.tgz",
      "integrity": "sha1-FzaYACH/v8RZauBIvmDSfHQF7TY=",
      "requires": {
        "aws-sdk": "^2.286.2",
        "brolog": "^1.6.2"
      }
    },
    "memory-pager": {
      "version": "1.5.0",
      "resolved": "http://registry.npm.taobao.org/memory-pager/download/memory-pager-1.5.0.tgz",
      "integrity": "sha1-2HUWVdItOEaCdByXLyw9bfo+ZrU=",
      "optional": true
    },
    "mime": {
      "version": "2.4.0",
      "resolved": "http://registry.npm.taobao.org/mime/download/mime-2.4.0.tgz",
      "integrity": "sha1-4FH9iBNYWF8yed8zP+aU2gvP/dY="
    },
    "moment": {
      "version": "2.24.0",
      "resolved": "http://registry.npm.taobao.org/moment/download/moment-2.24.0.tgz",
      "integrity": "sha1-DQVdU/UFKqZTyfbraLtdEr9cK1s="
    },
    "moment-timezone": {
      "version": "0.5.23",
      "resolved": "http://registry.npm.taobao.org/moment-timezone/download/moment-timezone-0.5.23.tgz",
      "integrity": "sha1-fLsA2ywUxxsZMDy0ew+wpthlFGM=",
      "requires": {
        "moment": ">= 2.9.0"
      }
    },
    "mongodb": {
      "version": "3.1.13",
      "resolved": "http://registry.npm.taobao.org/mongodb/download/mongodb-3.1.13.tgz",
      "integrity": "sha1-+M3Ls2rXoItXC9EnHIUldT91+fQ=",
      "requires": {
        "mongodb-core": "3.1.11",
        "safe-buffer": "^5.1.2"
      }
    },
    "mongodb-core": {
      "version": "3.1.11",
      "resolved": "http://registry.npm.taobao.org/mongodb-core/download/mongodb-core-3.1.11.tgz",
      "integrity": "sha1-slMDjbtNcynz0cLuVAC7DJIh/eU=",
      "requires": {
        "bson": "^1.1.0",
        "require_optional": "^1.0.1",
        "safe-buffer": "^5.1.2",
        "saslprep": "^1.0.0"
      }
    },
    "mongoose": {
      "version": "5.4.16",
      "resolved": "http://registry.npm.taobao.org/mongoose/download/mongoose-5.4.16.tgz",
      "integrity": "sha1-IEPx4xHGlYTHcj+FHrAcddmHkHY=",
      "requires": {
        "async": "2.6.1",
        "bson": "~1.1.0",
        "kareem": "2.3.0",
        "mongodb": "3.1.13",
        "mongodb-core": "3.1.11",
        "mongoose-legacy-pluralize": "1.0.2",
        "mpath": "0.5.1",
        "mquery": "3.2.0",
        "ms": "2.1.1",
        "regexp-clone": "0.0.1",
        "safe-buffer": "5.1.2",
        "sliced": "1.0.1"
      },
      "dependencies": {
        "async": {
          "version": "2.6.1",
          "resolved": "http://registry.npm.taobao.org/async/download/async-2.6.1.tgz",
          "integrity": "sha1-skWiPKcZMAROxT+kaqAKPofGphA=",
          "requires": {
            "lodash": "^4.17.10"
          }
        }
      }
    },
    "mongoose-legacy-pluralize": {
      "version": "1.0.2",
      "resolved": "http://registry.npm.taobao.org/mongoose-legacy-pluralize/download/mongoose-legacy-pluralize-1.0.2.tgz",
      "integrity": "sha1-O6n5H6UHtRhtOZ+0CFS/8Y+1Y+Q="
    },
    "mpath": {
      "version": "0.5.1",
      "resolved": "http://registry.npm.taobao.org/mpath/download/mpath-0.5.1.tgz",
      "integrity": "sha1-FxMVAfH/nm5PvI/6h1qnBltXdas="
    },
    "mquery": {
      "version": "3.2.0",
      "resolved": "http://registry.npm.taobao.org/mquery/download/mquery-3.2.0.tgz",
      "integrity": "sha1-4nZHKr1RCWhqFesqjgdh24E8gcw=",
      "requires": {
        "bluebird": "3.5.1",
        "debug": "3.1.0",
        "regexp-clone": "0.0.1",
        "safe-buffer": "5.1.2",
        "sliced": "1.0.1"
      },
      "dependencies": {
        "bluebird": {
          "version": "3.5.1",
          "resolved": "http://registry.npm.taobao.org/bluebird/download/bluebird-3.5.1.tgz",
          "integrity": "sha1-2VUfnemPH82h5oPRfukaBgLuLrk="
        },
        "debug": {
          "version": "3.1.0",
          "resolved": "http://registry.npm.taobao.org/debug/download/debug-3.1.0.tgz",
          "integrity": "sha1-W7WgZyYotkFJVmuhaBnmFRjGcmE=",
          "requires": {
            "ms": "2.0.0"
          }
        },
        "ms": {
          "version": "2.0.0",
          "resolved": "https://registry.npmjs.org/ms/-/ms-2.0.0.tgz",
          "integrity": "sha1-VgiurfwAvmwpAd9fmGF4jeDVl8g="
        }
      }
    },
    "ms": {
      "version": "2.1.1",
      "resolved": "https://registry.npmjs.org/ms/-/ms-2.1.1.tgz",
      "integrity": "sha512-tgp+dl5cGk28utYktBsrFqA7HKgrhgPsg6Z/EfhWI4gl1Hwq8B/GmY/0oXZ6nF8hDVesS/FpnYaD/kOWhYQvyg=="
    },
    "nan": {
      "version": "2.10.0",
      "resolved": "http://registry.npm.taobao.org/nan/download/nan-2.10.0.tgz",
      "integrity": "sha1-ltDNYQ69WNS03pzAxoKM2pnHVI8=",
      "optional": true
    },
    "node-schedule": {
      "version": "1.3.2",
      "resolved": "http://registry.npm.taobao.org/node-schedule/download/node-schedule-1.3.2.tgz",
      "integrity": "sha1-13Szg+Km9q3lnuzGIlSuoHzXWMs=",
      "requires": {
        "cron-parser": "^2.7.3",
        "long-timeout": "0.1.1",
        "sorted-array-functions": "^1.0.0"
      }
    },
    "nodejieba": {
      "version": "2.3.0",
      "resolved": "http://registry.npm.taobao.org/nodejieba/download/nodejieba-2.3.0.tgz",
      "integrity": "sha1-umk0uUnOSGxqV+TLffn0pfszNsQ=",
      "optional": true,
      "requires": {
        "nan": "~2.10.0"
      }
    },
    "nop": {
      "version": "1.0.0",
      "resolved": "http://registry.npm.taobao.org/nop/download/nop-1.0.0.tgz",
      "integrity": "sha1-y0bPfgFXSqY5CFgUn2aJev5Tyco="
    },
    "normalize-package-data": {
      "version": "2.5.0",
      "resolved": "http://registry.npm.taobao.org/normalize-package-data/download/normalize-package-data-2.5.0.tgz",
      "integrity": "sha1-5m2xg4sgDB38IzIl0SyzZSDiNKg=",
      "requires": {
        "hosted-git-info": "^2.1.4",
        "resolve": "^1.10.0",
        "semver": "2 || 3 || 4 || 5",
        "validate-npm-package-license": "^3.0.1"
      }
    },
    "npm-programmatic": {
      "version": "0.0.11",
      "resolved": "http://registry.npm.taobao.org/npm-programmatic/download/npm-programmatic-0.0.11.tgz",
      "integrity": "sha1-1siA4zmbGoulB9OHjXtsirZl7AA=",
      "requires": {
        "bluebird": "^3.4.1"
      }
    },
    "object-assign": {
      "version": "4.1.1",
      "resolved": "https://registry.npmjs.org/object-assign/-/object-assign-4.1.1.tgz",
      "integrity": "sha1-IQmtx5ZYh8/AXLvUQsrIv7s2CGM="
    },
    "object-keys": {
      "version": "1.1.0",
      "resolved": "http://registry.npm.taobao.org/object-keys/download/object-keys-1.1.0.tgz",
      "integrity": "sha1-Eb0iNI3S4JagRasG9shbzDQPoDI="
    },
    "p-limit": {
      "version": "2.1.0",
      "resolved": "http://registry.npm.taobao.org/p-limit/download/p-limit-2.1.0.tgz",
      "integrity": "sha1-HVoNIPsScHx1imVfa7xDhrWTDWg=",
      "requires": {
        "p-try": "^2.0.0"
      }
    },
    "p-locate": {
      "version": "3.0.0",
      "resolved": "http://registry.npm.taobao.org/p-locate/download/p-locate-3.0.0.tgz",
      "integrity": "sha1-Mi1poFwCZLJZl9n0DNiokasAZKQ=",
      "requires": {
        "p-limit": "^2.0.0"
      }
    },
    "p-try": {
      "version": "2.0.0",
      "resolved": "http://registry.npm.taobao.org/p-try/download/p-try-2.0.0.tgz",
      "integrity": "sha1-hQgLuHxkaI+keZb+j3376CEXYLE="
    },
    "parse-json": {
      "version": "4.0.0",
      "resolved": "http://registry.npm.taobao.org/parse-json/download/parse-json-4.0.0.tgz",
      "integrity": "sha1-vjX1Qlvh9/bHRxhPmKeIy5lHfuA=",
      "requires": {
        "error-ex": "^1.3.1",
        "json-parse-better-errors": "^1.0.1"
      }
    },
    "path-exists": {
      "version": "3.0.0",
      "resolved": "http://registry.npm.taobao.org/path-exists/download/path-exists-3.0.0.tgz",
      "integrity": "sha1-zg6+ql94yxiSXqfYENe1mwEP1RU="
    },
    "path-parse": {
      "version": "1.0.6",
      "resolved": "http://registry.npm.taobao.org/path-parse/download/path-parse-1.0.6.tgz",
      "integrity": "sha1-1i27VnlAXXLEc37FhgDp3c8G0kw="
    },
    "path-type": {
      "version": "3.0.0",
      "resolved": "http://registry.npm.taobao.org/path-type/download/path-type-3.0.0.tgz",
      "integrity": "sha1-zvMdyOCho7sNEFwM2Xzzv0f0428=",
      "requires": {
        "pify": "^3.0.0"
      }
    },
    "pify": {
      "version": "3.0.0",
      "resolved": "http://registry.npm.taobao.org/pify/download/pify-3.0.0.tgz",
      "integrity": "sha1-5aSs0sEB/fPZpNB/DbxNtJ3SgXY="
    },
    "pinyin": {
      "version": "2.8.3",
      "resolved": "http://registry.npm.taobao.org/pinyin/download/pinyin-2.8.3.tgz",
      "integrity": "sha1-MBzLQ1jM/oAlI8S9ZAphK+5NfEs=",
      "requires": {
        "commander": "~1.1.1",
        "nodejieba": "^2.2.1",
        "object-assign": "^4.0.1"
      }
    },
    "pkg-dir": {
      "version": "3.0.0",
      "resolved": "http://registry.npm.taobao.org/pkg-dir/download/pkg-dir-3.0.0.tgz",
      "integrity": "sha1-J0kCDyOe2ZCIGx9xIQ1R62UjvqM=",
      "requires": {
        "find-up": "^3.0.0"
      }
    },
    "promise-retry": {
      "version": "1.1.1",
      "resolved": "http://registry.npm.taobao.org/promise-retry/download/promise-retry-1.1.1.tgz",
      "integrity": "sha1-ZznpaOMFHaIM5kl/srUPaRHfPW0=",
      "requires": {
        "err-code": "^1.0.0",
        "retry": "^0.10.0"
      }
    },
    "pseudomap": {
      "version": "1.0.2",
      "resolved": "https://registry.npmjs.org/pseudomap/-/pseudomap-1.0.2.tgz",
      "integrity": "sha1-8FKijacOYYkX7wqKw0wa5aaChrM="
    },
    "qr-image": {
      "version": "3.2.0",
      "resolved": "http://registry.npm.taobao.org/qr-image/download/qr-image-3.2.0.tgz",
      "integrity": "sha1-n6gpW+rlDEoUnPn5CaHbRkqGcug="
    },
    "qrcode-terminal": {
      "version": "0.12.0",
      "resolved": "http://registry.npm.taobao.org/qrcode-terminal/download/qrcode-terminal-0.12.0.tgz",
      "integrity": "sha1-u1tpnvf58FBQkqN0i+RGT+cbWBk="
    },
    "querystring": {
      "version": "0.2.0",
      "resolved": "http://registry.npm.taobao.org/querystring/download/querystring-0.2.0.tgz",
      "integrity": "sha1-sgmEkgO7Jd+CDadW50cAWHhSFiA="
    },
    "raven": {
      "version": "2.6.4",
      "resolved": "http://registry.npm.taobao.org/raven/download/raven-2.6.4.tgz",
      "integrity": "sha1-RY1KOAyPu1ngFQxlViWq9gwWfqM=",
      "requires": {
        "cookie": "0.3.1",
        "md5": "^2.2.1",
        "stack-trace": "0.0.10",
        "timed-out": "4.0.1",
        "uuid": "3.3.2"
      }
    },
    "read-pkg": {
      "version": "3.0.0",
      "resolved": "http://registry.npm.taobao.org/read-pkg/download/read-pkg-3.0.0.tgz",
      "integrity": "sha1-nLxoaXj+5l0WwA4rGcI3/Pbjg4k=",
      "requires": {
        "load-json-file": "^4.0.0",
        "normalize-package-data": "^2.3.2",
        "path-type": "^3.0.0"
      }
    },
    "read-pkg-up": {
      "version": "4.0.0",
      "resolved": "http://registry.npm.taobao.org/read-pkg-up/download/read-pkg-up-4.0.0.tgz",
      "integrity": "sha1-GyIcYIi6d5lgHICPkRYcZuWPiXg=",
      "requires": {
        "find-up": "^3.0.0",
        "read-pkg": "^3.0.0"
      }
    },
    "regexp-clone": {
      "version": "0.0.1",
      "resolved": "https://registry.npmjs.org/regexp-clone/-/regexp-clone-0.0.1.tgz",
      "integrity": "sha1-p8LgmJH9vzj7sQ03b7cwA+aKxYk="
    },
    "require_optional": {
      "version": "1.0.1",
      "resolved": "http://registry.npm.taobao.org/require_optional/download/require_optional-1.0.1.tgz",
      "integrity": "sha1-TPNaQkf2TKPfjC7yCMxJSxyo/C4=",
      "requires": {
        "resolve-from": "^2.0.0",
        "semver": "^5.1.0"
      }
    },
    "resolve": {
      "version": "1.10.0",
      "resolved": "http://registry.npm.taobao.org/resolve/download/resolve-1.10.0.tgz",
      "integrity": "sha1-O9qur0XMB/N1ZW39LlTtCBCxAbo=",
      "requires": {
        "path-parse": "^1.0.6"
      }
    },
    "resolve-from": {
      "version": "2.0.0",
      "resolved": "https://registry.npmjs.org/resolve-from/-/resolve-from-2.0.0.tgz",
      "integrity": "sha1-lICrIOlP+h2egKgEx+oUdhGWa1c="
    },
    "retry": {
      "version": "0.10.1",
      "resolved": "http://registry.npm.taobao.org/retry/download/retry-0.10.1.tgz",
      "integrity": "sha1-52OI0heZLCUnUCQdPTlW/tmNj/Q="
    },
    "rfdc": {
      "version": "1.1.2",
      "resolved": "http://registry.npm.taobao.org/rfdc/download/rfdc-1.1.2.tgz",
      "integrity": "sha1-5uctdPXcOd6PU49l4Aw2wYAY40k="
    },
    "rx-queue": {
      "version": "0.4.30",
      "resolved": "http://registry.npm.taobao.org/rx-queue/download/rx-queue-0.4.30.tgz",
      "integrity": "sha1-8Frl/BkOwf9qm3aE6/Ll9GW977A="
    },
    "rxjs": {
      "version": "6.4.0",
      "resolved": "http://registry.npm.taobao.org/rxjs/download/rxjs-6.4.0.tgz",
      "integrity": "sha1-87sP572n+2nerAwW8XtQsLh5BQQ=",
      "requires": {
        "tslib": "^1.9.0"
      }
    },
    "safe-buffer": {
      "version": "5.1.2",
      "resolved": "https://registry.npmjs.org/safe-buffer/-/safe-buffer-5.1.2.tgz",
      "integrity": "sha512-Gd2UZBJDkXlY7GbJxfsE8/nvKkUEU1G38c1siN6QP6a9PT9MmHB8GnpscSmMJSoF8LOIrt8ud/wPtojys4G6+g=="
    },
    "safer-buffer": {
      "version": "2.1.2",
      "resolved": "http://registry.npm.taobao.org/safer-buffer/download/safer-buffer-2.1.2.tgz",
      "integrity": "sha1-RPoWGwGHuVSd2Eu5GAL5vYOFzWo="
    },
    "saslprep": {
      "version": "1.0.2",
      "resolved": "http://registry.npm.taobao.org/saslprep/download/saslprep-1.0.2.tgz",
      "integrity": "sha1-2lq5NubqC7rpEf/sd1NL43DJ9S0=",
      "optional": true,
      "requires": {
        "sparse-bitfield": "^3.0.3"
      }
    },
    "sax": {
      "version": "1.2.1",
      "resolved": "http://registry.npm.taobao.org/sax/download/sax-1.2.1.tgz",
      "integrity": "sha1-e45lYZCyKOgaZq6nSEgNgozS03o="
    },
    "semver": {
      "version": "5.6.0",
      "resolved": "https://registry.npmjs.org/semver/-/semver-5.6.0.tgz",
      "integrity": "sha512-RS9R6R35NYgQn++fkDWaOmqGoj4Ek9gGs+DPxNUZKuwE183xjJroKvyo1IzVFeXvUrvmALy6FWD5xrdJT25gMg=="
    },
    "sliced": {
      "version": "1.0.1",
      "resolved": "https://registry.npmjs.org/sliced/-/sliced-1.0.1.tgz",
      "integrity": "sha1-CzpmK10Ewxd7GSa+qCsD+Dei70E="
    },
    "sorted-array-functions": {
      "version": "1.2.0",
      "resolved": "http://registry.npm.taobao.org/sorted-array-functions/download/sorted-array-functions-1.2.0.tgz",
      "integrity": "sha1-QyZbIdbphbffMWIbHBHMaNjvx8M="
    },
    "sparse-bitfield": {
      "version": "3.0.3",
      "resolved": "https://registry.npmjs.org/sparse-bitfield/-/sparse-bitfield-3.0.3.tgz",
      "integrity": "sha1-/0rm5oZWBWuks+eSqzM004JzyhE=",
      "optional": true,
      "requires": {
        "memory-pager": "^1.0.2"
      }
    },
    "spdx-correct": {
      "version": "3.1.0",
      "resolved": "http://registry.npm.taobao.org/spdx-correct/download/spdx-correct-3.1.0.tgz",
      "integrity": "sha1-+4PlBERSaPFUsHTiGMh8ADzTHfQ=",
      "requires": {
        "spdx-expression-parse": "^3.0.0",
        "spdx-license-ids": "^3.0.0"
      }
    },
    "spdx-exceptions": {
      "version": "2.2.0",
      "resolved": "http://registry.npm.taobao.org/spdx-exceptions/download/spdx-exceptions-2.2.0.tgz",
      "integrity": "sha1-LqRQrudPKom/uUUZwH/Nb0EyKXc="
    },
    "spdx-expression-parse": {
      "version": "3.0.0",
      "resolved": "http://registry.npm.taobao.org/spdx-expression-parse/download/spdx-expression-parse-3.0.0.tgz",
      "integrity": "sha1-meEZt6XaAOBUkcn6M4t5BII7QdA=",
      "requires": {
        "spdx-exceptions": "^2.1.0",
        "spdx-license-ids": "^3.0.0"
      }
    },
    "spdx-license-ids": {
      "version": "3.0.3",
      "resolved": "http://registry.npm.taobao.org/spdx-license-ids/download/spdx-license-ids-3.0.3.tgz",
      "integrity": "sha1-gcDOjyFHR1YUi7tfO/wPNr8V124="
    },
    "stack-trace": {
      "version": "0.0.10",
      "resolved": "http://registry.npm.taobao.org/stack-trace/download/stack-trace-0.0.10.tgz",
      "integrity": "sha1-VHxws0fo0ytOEI6hoqFZ5f3eGcA="
    },
    "state-switch": {
      "version": "0.6.12",
      "resolved": "http://registry.npm.taobao.org/state-switch/download/state-switch-0.6.12.tgz",
      "integrity": "sha1-u5TzmojCRsanBVWcOuJA/EwLhy8=",
      "requires": {
        "nop": "^1.0.0"
      }
    },
    "streamroller": {
      "version": "1.0.3",
      "resolved": "http://registry.npm.taobao.org/streamroller/download/streamroller-1.0.3.tgz",
      "integrity": "sha1-y1Hn44L3mak4Gl10kM4wU7Ml+6M=",
      "requires": {
        "async": "^2.6.1",
        "date-format": "^2.0.0",
        "debug": "^3.1.0",
        "fs-extra": "^7.0.0",
        "lodash": "^4.17.10"
      }
    },
    "strip-bom": {
      "version": "3.0.0",
      "resolved": "http://registry.npm.taobao.org/strip-bom/download/strip-bom-3.0.0.tgz",
      "integrity": "sha1-IzTBjpx1n3vdVv3vfprj1YjmjtM="
    },
    "timed-out": {
      "version": "4.0.1",
      "resolved": "http://registry.npm.taobao.org/timed-out/download/timed-out-4.0.1.tgz",
      "integrity": "sha1-8y6srFoXW+ol1/q1Zas+2HQe9W8="
    },
    "tslib": {
      "version": "1.9.3",
      "resolved": "http://registry.npm.taobao.org/tslib/download/tslib-1.9.3.tgz",
      "integrity": "sha1-1+TdeSRdhUKMTX5IIqeZF5VMooY="
    },
    "universalify": {
      "version": "0.1.2",
      "resolved": "http://registry.npm.taobao.org/universalify/download/universalify-0.1.2.tgz",
      "integrity": "sha1-tkb2m+OULavOzJ1mOcgNwQXvqmY="
    },
    "url": {
      "version": "0.10.3",
      "resolved": "http://registry.npm.taobao.org/url/download/url-0.10.3.tgz",
      "integrity": "sha1-Ah5NnHcF8hu/N9A861h2dAJ3TGQ=",
      "requires": {
        "punycode": "1.3.2",
        "querystring": "0.2.0"
      },
      "dependencies": {
        "punycode": {
          "version": "1.3.2",
          "resolved": "http://registry.npm.taobao.org/punycode/download/punycode-1.3.2.tgz",
          "integrity": "sha1-llOgNvt8HuQjQvIyXM7v6jkmxI0="
        }
      }
    },
    "uuid": {
      "version": "3.3.2",
      "resolved": "https://registry.npmjs.org/uuid/-/uuid-3.3.2.tgz",
      "integrity": "sha512-yXJmeNaw3DnnKAOKJE51sL/ZaYfWJRl1pK9dr19YFCu0ObS231AB1/LbqTKRAQ5kw8A90rA6fr4riOUpTZvQZA=="
    },
    "validate-npm-package-license": {
      "version": "3.0.4",
      "resolved": "http://registry.npm.taobao.org/validate-npm-package-license/download/validate-npm-package-license-3.0.4.tgz",
      "integrity": "sha1-/JH2uce6FchX9MssXe/uw51PQQo=",
      "requires": {
        "spdx-correct": "^3.0.0",
        "spdx-expression-parse": "^3.0.0"
      }
    },
    "watchdog": {
      "version": "0.8.17",
      "resolved": "http://registry.npm.taobao.org/watchdog/download/watchdog-0.8.17.tgz",
      "integrity": "sha1-UVWWoNQTuKKio+vP6xQqDdootDg=",
      "requires": {
        "brolog": "^1.3.3"
      }
    },
    "wechaty": {
      "version": "0.22.6",
      "resolved": "http://registry.npm.taobao.org/wechaty/download/wechaty-0.22.6.tgz",
      "integrity": "sha1-9eOmN1XBD6DpuyZDlQ9brokn9Mc=",
      "requires": {
        "brolog": "^1.8.1",
        "clone-class": "^0.6.11",
        "cuid": "^2.1.1",
        "file-box": "^0.8.23",
        "hot-import": "^0.2.1",
        "memory-card": "^0.6.9",
        "npm-programmatic": "0.0.11",
        "pkg-dir": "^3.0.0",
        "promise-retry": "^1.1.1",
        "qr-image": "^3.2.0",
        "raven": "^2.6.2",
        "read-pkg-up": "^4.0.0",
        "state-switch": "^0.6.2",
        "watchdog": "^0.8.1",
        "wechaty-puppet": "^0.14.1",
        "ws": "^6.0.0"
      }
    },
    "wechaty-puppet": {
      "version": "0.14.1",
      "resolved": "http://registry.npm.taobao.org/wechaty-puppet/download/wechaty-puppet-0.14.1.tgz",
      "integrity": "sha1-ZaqzRgsOlwTRxP3jfHC1lZwcuoo=",
      "requires": {
        "brolog": "^1.6.5",
        "clone-class": "^0.6.19",
        "hot-import": "^0.2.1",
        "lru-cache": "^4.1.3",
        "normalize-package-data": "^2.4.0",
        "read-pkg-up": "^4.0.0",
        "rx-queue": "^0.4.26",
        "rxjs": "^6.2.1",
        "semver": "^5.5.0",
        "state-switch": "^0.6.2",
        "watchdog": "^0.8.12"
      }
    },
    "ws": {
      "version": "6.1.4",
      "resolved": "http://registry.npm.taobao.org/ws/download/ws-6.1.4.tgz",
      "integrity": "sha1-W1yIAK+rkl6UzLKdFTyNAsF3bvk=",
      "requires": {
        "async-limiter": "~1.0.0"
      }
    },
    "xml2js": {
      "version": "0.4.19",
      "resolved": "http://registry.npm.taobao.org/xml2js/download/xml2js-0.4.19.tgz",
      "integrity": "sha1-aGwg8hMgnpSr8NG88e+qKRx4J6c=",
      "requires": {
        "sax": ">=0.6.0",
        "xmlbuilder": "~9.0.1"
      }
    },
    "xmlbuilder": {
      "version": "9.0.7",
      "resolved": "http://registry.npm.taobao.org/xmlbuilder/download/xmlbuilder-9.0.7.tgz",
      "integrity": "sha1-Ey7mPS7FVlxVfiD0wi35rKaGsQ0="
    },
    "yallist": {
      "version": "2.1.2",
      "resolved": "https://registry.npmjs.org/yallist/-/yallist-2.1.2.tgz",
      "integrity": "sha1-HBH5IY8HYImkfdUS+TxmmaaoHVI="
    }
  }
}
